lockfileVersion: '9.0'

settings:
  autoInstallPeers: true
  excludeLinksFromLockfile: false

importers:

  .:
    dependencies:
      zod:
        specifier: ^4.0.8
        version: 4.0.8

packages:

  zod@4.0.8:
    resolution: {integrity: sha512-+MSh9cZU9r3QKlHqrgHMTSr3QwMGv4PLfR0M4N/sYWV5/x67HgXEhIGObdBkpnX8G78pTgWnIrBL2lZcNJOtfg==}

snapshots:

  zod@4.0.8: {}
