lockfileVersion: '9.0'

settings:
  autoInstallPeers: true
  excludeLinksFromLockfile: false

importers:

  .:
    dependencies:
      ecpair:
        specifier: ^3.0.0
        version: 3.0.0
      electrum-client:
        specifier: ^0.0.6
        version: 0.0.6
      tiny-secp256k1:
        specifier: ^2.2.4
        version: 2.2.4
      zod:
        specifier: ^4.0.8
        version: 4.0.8

packages:

  '@noble/hashes@1.8.0':
    resolution: {integrity: sha512-jCs9ldd7NwzpgXDIf6P3+NrHh9/sD6CQdxHyjQI+h/6rDNo88ypBxxz45UDuZHz9r3tNz7N/VInSVoVdtXEI4A==}
    engines: {node: ^14.21.3 || >=16}

  base-x@5.0.1:
    resolution: {integrity: sha512-M7uio8Zt++eg3jPj+rHMfCC+IuygQHHCOU+IYsVtik6FWjuYpVt/+MRKcgsAMHh8mMFAwnB+Bs+mTrFiXjMzKg==}

  bs58@6.0.0:
    resolution: {integrity: sha512-PD0wEnEYg6ijszw/u8s+iI3H17cTymlrwkKhDhPZq+Sokl3AU4htyBFTjAeNAlCCmg0f53g6ih3jATyCKftTfw==}

  bs58check@4.0.0:
    resolution: {integrity: sha512-FsGDOnFg9aVI9erdriULkd/JjEWONV/lQE5aYziB5PoBsXRind56lh8doIZIc9X4HoxT5x4bLjMWN1/NB8Zp5g==}

  ecpair@3.0.0:
    resolution: {integrity: sha512-kf4JxjsRQoD4EBzpYjGAcR0t9i/4oAeRPtyCpKvSwyotgkc6oA4E4M0/e+kep7cXe+mgxAvoeh/jdgH9h5+Wxw==}
    engines: {node: '>=20.0.0'}

  electrum-client@0.0.6:
    resolution: {integrity: sha512-u6B63JbWuufkPr7/DVPfCtMbefeqU+R6oYlwUyiZ7cGMUgbjbJYBk8+wQnJm3K+uXOupoDeyOgVHoFjz5vMwrQ==}
    engines: {node: '>=6'}

  tiny-secp256k1@2.2.4:
    resolution: {integrity: sha512-FoDTcToPqZE454Q04hH9o2EhxWsm7pOSpicyHkgTwKhdKWdsTUuqfP5MLq3g+VjAtl2vSx6JpXGdwA2qpYkI0Q==}
    engines: {node: '>=14.0.0'}

  uint8array-tools@0.0.7:
    resolution: {integrity: sha512-vrrNZJiusLWoFWBqz5Y5KMCgP9W9hnjZHzZiZRT8oNAkq3d5Z5Oe76jAvVVSRh4U8GGR90N2X1dWtrhvx6L8UQ==}
    engines: {node: '>=14.0.0'}

  uint8array-tools@0.0.8:
    resolution: {integrity: sha512-xS6+s8e0Xbx++5/0L+yyexukU7pz//Yg6IHg3BKhXotg1JcYtgxVcUctQ0HxLByiJzpAkNFawz1Nz5Xadzo82g==}
    engines: {node: '>=14.0.0'}

  valibot@0.37.0:
    resolution: {integrity: sha512-FQz52I8RXgFgOHym3XHYSREbNtkgSjF9prvMFH1nBsRyfL6SfCzoT1GuSDTlbsuPubM7/6Kbw0ZMQb8A+V+VsQ==}
    peerDependencies:
      typescript: '>=5'
    peerDependenciesMeta:
      typescript:
        optional: true

  wif@5.0.0:
    resolution: {integrity: sha512-iFzrC/9ne740qFbNjTZ2FciSRJlHIXoxqk/Y5EnE08QOXu1WjJyCCswwDTYbohAOEnlCtLaAAQBhyaLRFh2hMA==}

  zod@4.0.8:
    resolution: {integrity: sha512-+MSh9cZU9r3QKlHqrgHMTSr3QwMGv4PLfR0M4N/sYWV5/x67HgXEhIGObdBkpnX8G78pTgWnIrBL2lZcNJOtfg==}

snapshots:

  '@noble/hashes@1.8.0': {}

  base-x@5.0.1: {}

  bs58@6.0.0:
    dependencies:
      base-x: 5.0.1

  bs58check@4.0.0:
    dependencies:
      '@noble/hashes': 1.8.0
      bs58: 6.0.0

  ecpair@3.0.0:
    dependencies:
      uint8array-tools: 0.0.8
      valibot: 0.37.0
      wif: 5.0.0
    transitivePeerDependencies:
      - typescript

  electrum-client@0.0.6: {}

  tiny-secp256k1@2.2.4:
    dependencies:
      uint8array-tools: 0.0.7

  uint8array-tools@0.0.7: {}

  uint8array-tools@0.0.8: {}

  valibot@0.37.0: {}

  wif@5.0.0:
    dependencies:
      bs58check: 4.0.0

  zod@4.0.8: {}
